// !$*UTF8*$!
{
	archiveVersion = 1;
	classes = {
	};
	objectVersion = 46;
	objects = {

/* Begin PBXBuildFile section */
		3CEB6D281BEC39650020765C /* main.m in Sources */ = {isa = PBXBuildFile; fileRef = 3CEB6D271BEC39650020765C /* main.m */; };
		3CEB6D2B1BEC39650020765C /* AppDelegate.m in Sources */ = {isa = PBXBuildFile; fileRef = 3CEB6D2A1BEC39650020765C /* AppDelegate.m */; };
		3CEB6D2E1BEC39650020765C /* ViewController.m in Sources */ = {isa = PBXBuildFile; fileRef = 3CEB6D2D1BEC39650020765C /* ViewController.m */; };
		3CEB6D311BEC39650020765C /* Main.storyboard in Resources */ = {isa = PBXBuildFile; fileRef = 3CEB6D2F1BEC39650020765C /* Main.storyboard */; };
		3CEB6D331BEC39650020765C /* Images.xcassets in Resources */ = {isa = PBXBuildFile; fileRef = 3CEB6D321BEC39650020765C /* Images.xcassets */; };
		3CEB6D361BEC39650020765C /* LaunchScreen.xib in Resources */ = {isa = PBXBuildFile; fileRef = 3CEB6D341BEC39650020765C /* LaunchScreen.xib */; };
		3CEB6D421BEC39650020765C /* KNBannerViewTests.m in Sources */ = {isa = PBXBuildFile; fileRef = 3CEB6D411BEC39650020765C /* KNBannerViewTests.m */; };
		79175C9620A351D700CF192D /* FLAnimatedImage.m in Sources */ = {isa = PBXBuildFile; fileRef = 79175C6A20A351D700CF192D /* FLAnimatedImage.m */; };
		79175C9720A351D700CF192D /* FLAnimatedImageView+WebCache.m in Sources */ = {isa = PBXBuildFile; fileRef = 79175C6C20A351D700CF192D /* FLAnimatedImageView+WebCache.m */; };
		79175C9820A351D700CF192D /* FLAnimatedImageView.m in Sources */ = {isa = PBXBuildFile; fileRef = 79175C6E20A351D700CF192D /* FLAnimatedImageView.m */; };
		79175C9920A351D700CF192D /* MKAnnotationView+WebCache.m in Sources */ = {isa = PBXBuildFile; fileRef = 79175C7020A351D700CF192D /* MKAnnotationView+WebCache.m */; };
		79175C9A20A351D700CF192D /* NSData+ImageContentType.m in Sources */ = {isa = PBXBuildFile; fileRef = 79175C7220A351D700CF192D /* NSData+ImageContentType.m */; };
		79175C9B20A351D700CF192D /* NSImage+WebCache.m in Sources */ = {isa = PBXBuildFile; fileRef = 79175C7420A351D700CF192D /* NSImage+WebCache.m */; };
		79175C9C20A351D700CF192D /* SDImageCache.m in Sources */ = {isa = PBXBuildFile; fileRef = 79175C7620A351D700CF192D /* SDImageCache.m */; };
		79175C9D20A351D700CF192D /* SDImageCacheConfig.m in Sources */ = {isa = PBXBuildFile; fileRef = 79175C7820A351D700CF192D /* SDImageCacheConfig.m */; };
		79175C9E20A351D700CF192D /* SDWebImageCompat.m in Sources */ = {isa = PBXBuildFile; fileRef = 79175C7A20A351D700CF192D /* SDWebImageCompat.m */; };
		79175C9F20A351D700CF192D /* SDWebImageDecoder.m in Sources */ = {isa = PBXBuildFile; fileRef = 79175C7C20A351D700CF192D /* SDWebImageDecoder.m */; };
		79175CA020A351D700CF192D /* SDWebImageDownloader.m in Sources */ = {isa = PBXBuildFile; fileRef = 79175C7E20A351D700CF192D /* SDWebImageDownloader.m */; };
		79175CA120A351D700CF192D /* SDWebImageDownloaderOperation.m in Sources */ = {isa = PBXBuildFile; fileRef = 79175C8020A351D700CF192D /* SDWebImageDownloaderOperation.m */; };
		79175CA220A351D700CF192D /* SDWebImageManager.m in Sources */ = {isa = PBXBuildFile; fileRef = 79175C8220A351D700CF192D /* SDWebImageManager.m */; };
		79175CA320A351D700CF192D /* SDWebImagePrefetcher.m in Sources */ = {isa = PBXBuildFile; fileRef = 79175C8520A351D700CF192D /* SDWebImagePrefetcher.m */; };
		79175CA420A351D700CF192D /* UIButton+WebCache.m in Sources */ = {isa = PBXBuildFile; fileRef = 79175C8720A351D700CF192D /* UIButton+WebCache.m */; };
		79175CA520A351D700CF192D /* UIImage+GIF.m in Sources */ = {isa = PBXBuildFile; fileRef = 79175C8920A351D700CF192D /* UIImage+GIF.m */; };
		79175CA620A351D700CF192D /* UIImage+MultiFormat.m in Sources */ = {isa = PBXBuildFile; fileRef = 79175C8B20A351D700CF192D /* UIImage+MultiFormat.m */; };
		79175CA720A351D700CF192D /* UIImage+WebP.m in Sources */ = {isa = PBXBuildFile; fileRef = 79175C8D20A351D700CF192D /* UIImage+WebP.m */; };
		79175CA820A351D700CF192D /* UIImageView+HighlightedWebCache.m in Sources */ = {isa = PBXBuildFile; fileRef = 79175C8F20A351D700CF192D /* UIImageView+HighlightedWebCache.m */; };
		79175CA920A351D700CF192D /* UIImageView+WebCache.m in Sources */ = {isa = PBXBuildFile; fileRef = 79175C9120A351D700CF192D /* UIImageView+WebCache.m */; };
		79175CAA20A351D700CF192D /* UIView+WebCache.m in Sources */ = {isa = PBXBuildFile; fileRef = 79175C9320A351D700CF192D /* UIView+WebCache.m */; };
		79175CAB20A351D700CF192D /* UIView+WebCacheOperation.m in Sources */ = {isa = PBXBuildFile; fileRef = 79175C9520A351D700CF192D /* UIView+WebCacheOperation.m */; };
		797B3F1E1DDAF95B00204B47 /* KNBannerCollectionViewCell.m in Sources */ = {isa = PBXBuildFile; fileRef = 797B3F0F1DDAF95B00204B47 /* KNBannerCollectionViewCell.m */; };
		797B3F1F1DDAF95B00204B47 /* KNBannerPageControl.m in Sources */ = {isa = PBXBuildFile; fileRef = 797B3F121DDAF95B00204B47 /* KNBannerPageControl.m */; };
		797B3F201DDAF95B00204B47 /* KNCustomPageControl.m in Sources */ = {isa = PBXBuildFile; fileRef = 797B3F141DDAF95B00204B47 /* KNCustomPageControl.m */; };
		797B3F211DDAF95B00204B47 /* KNBannerView.m in Sources */ = {isa = PBXBuildFile; fileRef = 797B3F161DDAF95B00204B47 /* KNBannerView.m */; };
		797B3F221DDAF95B00204B47 /* KNBannerViewModel.m in Sources */ = {isa = PBXBuildFile; fileRef = 797B3F181DDAF95B00204B47 /* KNBannerViewModel.m */; };
		797B3F231DDAF95B00204B47 /* KNBannerViewSource.bundle in Resources */ = {isa = PBXBuildFile; fileRef = 797B3F191DDAF95B00204B47 /* KNBannerViewSource.bundle */; };
		797B3F241DDAF95B00204B47 /* KNBannerViewText.m in Sources */ = {isa = PBXBuildFile; fileRef = 797B3F1B1DDAF95B00204B47 /* KNBannerViewText.m */; };
		797B3F251DDAF95B00204B47 /* UIView+KNExtension.m in Sources */ = {isa = PBXBuildFile; fileRef = 797B3F1D1DDAF95B00204B47 /* UIView+KNExtension.m */; };
		797B3F621DDAFA4500204B47 /* KNNetworkController.m in Sources */ = {isa = PBXBuildFile; fileRef = 797B3F611DDAFA4500204B47 /* KNNetworkController.m */; };
		797B3F651DDAFA5000204B47 /* KNLocationController.m in Sources */ = {isa = PBXBuildFile; fileRef = 797B3F641DDAFA5000204B47 /* KNLocationController.m */; };
		797B3F681DDAFA5900204B47 /* KNBlendController.m in Sources */ = {isa = PBXBuildFile; fileRef = 797B3F671DDAFA5900204B47 /* KNBlendController.m */; };
		797B3F6B1DDAFAF300204B47 /* KNRootController.m in Sources */ = {isa = PBXBuildFile; fileRef = 797B3F6A1DDAFAF300204B47 /* KNRootController.m */; };
		79FB5373202DA7D60083D6D2 /* KNWeekProxy.m in Sources */ = {isa = PBXBuildFile; fileRef = 79FB5372202DA7D60083D6D2 /* KNWeekProxy.m */; };
/* End PBXBuildFile section */

/* Begin PBXContainerItemProxy section */
		3CEB6D3C1BEC39650020765C /* PBXContainerItemProxy */ = {
			isa = PBXContainerItemProxy;
			containerPortal = 3CEB6D1A1BEC39650020765C /* Project object */;
			proxyType = 1;
			remoteGlobalIDString = 3CEB6D211BEC39650020765C;
			remoteInfo = KNBannerView;
		};
/* End PBXContainerItemProxy section */

/* Begin PBXFileReference section */
		3CEB6D221BEC39650020765C /* KNBannerView.app */ = {isa = PBXFileReference; explicitFileType = wrapper.application; includeInIndex = 0; path = KNBannerView.app; sourceTree = BUILT_PRODUCTS_DIR; };
		3CEB6D261BEC39650020765C /* Info.plist */ = {isa = PBXFileReference; lastKnownFileType = text.plist.xml; path = Info.plist; sourceTree = "<group>"; };
		3CEB6D271BEC39650020765C /* main.m */ = {isa = PBXFileReference; lastKnownFileType = sourcecode.c.objc; path = main.m; sourceTree = "<group>"; };
		3CEB6D291BEC39650020765C /* AppDelegate.h */ = {isa = PBXFileReference; lastKnownFileType = sourcecode.c.h; path = AppDelegate.h; sourceTree = "<group>"; };
		3CEB6D2A1BEC39650020765C /* AppDelegate.m */ = {isa = PBXFileReference; lastKnownFileType = sourcecode.c.objc; path = AppDelegate.m; sourceTree = "<group>"; };
		3CEB6D2C1BEC39650020765C /* ViewController.h */ = {isa = PBXFileReference; lastKnownFileType = sourcecode.c.h; path = ViewController.h; sourceTree = "<group>"; };
		3CEB6D2D1BEC39650020765C /* ViewController.m */ = {isa = PBXFileReference; lastKnownFileType = sourcecode.c.objc; path = ViewController.m; sourceTree = "<group>"; };
		3CEB6D301BEC39650020765C /* Base */ = {isa = PBXFileReference; lastKnownFileType = file.storyboard; name = Base; path = Base.lproj/Main.storyboard; sourceTree = "<group>"; };
		3CEB6D321BEC39650020765C /* Images.xcassets */ = {isa = PBXFileReference; lastKnownFileType = folder.assetcatalog; path = Images.xcassets; sourceTree = "<group>"; };
		3CEB6D351BEC39650020765C /* Base */ = {isa = PBXFileReference; lastKnownFileType = file.xib; name = Base; path = Base.lproj/LaunchScreen.xib; sourceTree = "<group>"; };
		3CEB6D3B1BEC39650020765C /* KNBannerViewTests.xctest */ = {isa = PBXFileReference; explicitFileType = wrapper.cfbundle; includeInIndex = 0; path = KNBannerViewTests.xctest; sourceTree = BUILT_PRODUCTS_DIR; };
		3CEB6D401BEC39650020765C /* Info.plist */ = {isa = PBXFileReference; lastKnownFileType = text.plist.xml; path = Info.plist; sourceTree = "<group>"; };
		3CEB6D411BEC39650020765C /* KNBannerViewTests.m */ = {isa = PBXFileReference; lastKnownFileType = sourcecode.c.objc; path = KNBannerViewTests.m; sourceTree = "<group>"; };
		79175C6920A351D700CF192D /* FLAnimatedImage.h */ = {isa = PBXFileReference; fileEncoding = 4; lastKnownFileType = sourcecode.c.h; path = FLAnimatedImage.h; sourceTree = "<group>"; };
		79175C6A20A351D700CF192D /* FLAnimatedImage.m */ = {isa = PBXFileReference; fileEncoding = 4; lastKnownFileType = sourcecode.c.objc; path = FLAnimatedImage.m; sourceTree = "<group>"; };
		79175C6B20A351D700CF192D /* FLAnimatedImageView+WebCache.h */ = {isa = PBXFileReference; fileEncoding = 4; lastKnownFileType = sourcecode.c.h; path = "FLAnimatedImageView+WebCache.h"; sourceTree = "<group>"; };
		79175C6C20A351D700CF192D /* FLAnimatedImageView+WebCache.m */ = {isa = PBXFileReference; fileEncoding = 4; lastKnownFileType = sourcecode.c.objc; path = "FLAnimatedImageView+WebCache.m"; sourceTree = "<group>"; };
		79175C6D20A351D700CF192D /* FLAnimatedImageView.h */ = {isa = PBXFileReference; fileEncoding = 4; lastKnownFileType = sourcecode.c.h; path = FLAnimatedImageView.h; sourceTree = "<group>"; };
		79175C6E20A351D700CF192D /* FLAnimatedImageView.m */ = {isa = PBXFileReference; fileEncoding = 4; lastKnownFileType = sourcecode.c.objc; path = FLAnimatedImageView.m; sourceTree = "<group>"; };
		79175C6F20A351D700CF192D /* MKAnnotationView+WebCache.h */ = {isa = PBXFileReference; fileEncoding = 4; lastKnownFileType = sourcecode.c.h; path = "MKAnnotationView+WebCache.h"; sourceTree = "<group>"; };
		79175C7020A351D700CF192D /* MKAnnotationView+WebCache.m */ = {isa = PBXFileReference; fileEncoding = 4; lastKnownFileType = sourcecode.c.objc; path = "MKAnnotationView+WebCache.m"; sourceTree = "<group>"; };
		79175C7120A351D700CF192D /* NSData+ImageContentType.h */ = {isa = PBXFileReference; fileEncoding = 4; lastKnownFileType = sourcecode.c.h; path = "NSData+ImageContentType.h"; sourceTree = "<group>"; };
		79175C7220A351D700CF192D /* NSData+ImageContentType.m */ = {isa = PBXFileReference; fileEncoding = 4; lastKnownFileType = sourcecode.c.objc; path = "NSData+ImageContentType.m"; sourceTree = "<group>"; };
		79175C7320A351D700CF192D /* NSImage+WebCache.h */ = {isa = PBXFileReference; fileEncoding = 4; lastKnownFileType = sourcecode.c.h; path = "NSImage+WebCache.h"; sourceTree = "<group>"; };
		79175C7420A351D700CF192D /* NSImage+WebCache.m */ = {isa = PBXFileReference; fileEncoding = 4; lastKnownFileType = sourcecode.c.objc; path = "NSImage+WebCache.m"; sourceTree = "<group>"; };
		79175C7520A351D700CF192D /* SDImageCache.h */ = {isa = PBXFileReference; fileEncoding = 4; lastKnownFileType = sourcecode.c.h; path = SDImageCache.h; sourceTree = "<group>"; };
		79175C7620A351D700CF192D /* SDImageCache.m */ = {isa = PBXFileReference; fileEncoding = 4; lastKnownFileType = sourcecode.c.objc; path = SDImageCache.m; sourceTree = "<group>"; };
		79175C7720A351D700CF192D /* SDImageCacheConfig.h */ = {isa = PBXFileReference; fileEncoding = 4; lastKnownFileType = sourcecode.c.h; path = SDImageCacheConfig.h; sourceTree = "<group>"; };
		79175C7820A351D700CF192D /* SDImageCacheConfig.m */ = {isa = PBXFileReference; fileEncoding = 4; lastKnownFileType = sourcecode.c.objc; path = SDImageCacheConfig.m; sourceTree = "<group>"; };
		79175C7920A351D700CF192D /* SDWebImageCompat.h */ = {isa = PBXFileReference; fileEncoding = 4; lastKnownFileType = sourcecode.c.h; path = SDWebImageCompat.h; sourceTree = "<group>"; };
		79175C7A20A351D700CF192D /* SDWebImageCompat.m */ = {isa = PBXFileReference; fileEncoding = 4; lastKnownFileType = sourcecode.c.objc; path = SDWebImageCompat.m; sourceTree = "<group>"; };
		79175C7B20A351D700CF192D /* SDWebImageDecoder.h */ = {isa = PBXFileReference; fileEncoding = 4; lastKnownFileType = sourcecode.c.h; path = SDWebImageDecoder.h; sourceTree = "<group>"; };
		79175C7C20A351D700CF192D /* SDWebImageDecoder.m */ = {isa = PBXFileReference; fileEncoding = 4; lastKnownFileType = sourcecode.c.objc; path = SDWebImageDecoder.m; sourceTree = "<group>"; };
		79175C7D20A351D700CF192D /* SDWebImageDownloader.h */ = {isa = PBXFileReference; fileEncoding = 4; lastKnownFileType = sourcecode.c.h; path = SDWebImageDownloader.h; sourceTree = "<group>"; };
		79175C7E20A351D700CF192D /* SDWebImageDownloader.m */ = {isa = PBXFileReference; fileEncoding = 4; lastKnownFileType = sourcecode.c.objc; path = SDWebImageDownloader.m; sourceTree = "<group>"; };
		79175C7F20A351D700CF192D /* SDWebImageDownloaderOperation.h */ = {isa = PBXFileReference; fileEncoding = 4; lastKnownFileType = sourcecode.c.h; path = SDWebImageDownloaderOperation.h; sourceTree = "<group>"; };
		79175C8020A351D700CF192D /* SDWebImageDownloaderOperation.m */ = {isa = PBXFileReference; fileEncoding = 4; lastKnownFileType = sourcecode.c.objc; path = SDWebImageDownloaderOperation.m; sourceTree = "<group>"; };
		79175C8120A351D700CF192D /* SDWebImageManager.h */ = {isa = PBXFileReference; fileEncoding = 4; lastKnownFileType = sourcecode.c.h; path = SDWebImageManager.h; sourceTree = "<group>"; };
		79175C8220A351D700CF192D /* SDWebImageManager.m */ = {isa = PBXFileReference; fileEncoding = 4; lastKnownFileType = sourcecode.c.objc; path = SDWebImageManager.m; sourceTree = "<group>"; };
		79175C8320A351D700CF192D /* SDWebImageOperation.h */ = {isa = PBXFileReference; fileEncoding = 4; lastKnownFileType = sourcecode.c.h; path = SDWebImageOperation.h; sourceTree = "<group>"; };
		79175C8420A351D700CF192D /* SDWebImagePrefetcher.h */ = {isa = PBXFileReference; fileEncoding = 4; lastKnownFileType = sourcecode.c.h; path = SDWebImagePrefetcher.h; sourceTree = "<group>"; };
		79175C8520A351D700CF192D /* SDWebImagePrefetcher.m */ = {isa = PBXFileReference; fileEncoding = 4; lastKnownFileType = sourcecode.c.objc; path = SDWebImagePrefetcher.m; sourceTree = "<group>"; };
		79175C8620A351D700CF192D /* UIButton+WebCache.h */ = {isa = PBXFileReference; fileEncoding = 4; lastKnownFileType = sourcecode.c.h; path = "UIButton+WebCache.h"; sourceTree = "<group>"; };
		79175C8720A351D700CF192D /* UIButton+WebCache.m */ = {isa = PBXFileReference; fileEncoding = 4; lastKnownFileType = sourcecode.c.objc; path = "UIButton+WebCache.m"; sourceTree = "<group>"; };
		79175C8820A351D700CF192D /* UIImage+GIF.h */ = {isa = PBXFileReference; fileEncoding = 4; lastKnownFileType = sourcecode.c.h; path = "UIImage+GIF.h"; sourceTree = "<group>"; };
		79175C8920A351D700CF192D /* UIImage+GIF.m */ = {isa = PBXFileReference; fileEncoding = 4; lastKnownFileType = sourcecode.c.objc; path = "UIImage+GIF.m"; sourceTree = "<group>"; };
		79175C8A20A351D700CF192D /* UIImage+MultiFormat.h */ = {isa = PBXFileReference; fileEncoding = 4; lastKnownFileType = sourcecode.c.h; path = "UIImage+MultiFormat.h"; sourceTree = "<group>"; };
		79175C8B20A351D700CF192D /* UIImage+MultiFormat.m */ = {isa = PBXFileReference; fileEncoding = 4; lastKnownFileType = sourcecode.c.objc; path = "UIImage+MultiFormat.m"; sourceTree = "<group>"; };
		79175C8C20A351D700CF192D /* UIImage+WebP.h */ = {isa = PBXFileReference; fileEncoding = 4; lastKnownFileType = sourcecode.c.h; path = "UIImage+WebP.h"; sourceTree = "<group>"; };
		79175C8D20A351D700CF192D /* UIImage+WebP.m */ = {isa = PBXFileReference; fileEncoding = 4; lastKnownFileType = sourcecode.c.objc; path = "UIImage+WebP.m"; sourceTree = "<group>"; };
		79175C8E20A351D700CF192D /* UIImageView+HighlightedWebCache.h */ = {isa = PBXFileReference; fileEncoding = 4; lastKnownFileType = sourcecode.c.h; path = "UIImageView+HighlightedWebCache.h"; sourceTree = "<group>"; };
		79175C8F20A351D700CF192D /* UIImageView+HighlightedWebCache.m */ = {isa = PBXFileReference; fileEncoding = 4; lastKnownFileType = sourcecode.c.objc; path = "UIImageView+HighlightedWebCache.m"; sourceTree = "<group>"; };
		79175C9020A351D700CF192D /* UIImageView+WebCache.h */ = {isa = PBXFileReference; fileEncoding = 4; lastKnownFileType = sourcecode.c.h; path = "UIImageView+WebCache.h"; sourceTree = "<group>"; };
		79175C9120A351D700CF192D /* UIImageView+WebCache.m */ = {isa = PBXFileReference; fileEncoding = 4; lastKnownFileType = sourcecode.c.objc; path = "UIImageView+WebCache.m"; sourceTree = "<group>"; };
		79175C9220A351D700CF192D /* UIView+WebCache.h */ = {isa = PBXFileReference; fileEncoding = 4; lastKnownFileType = sourcecode.c.h; path = "UIView+WebCache.h"; sourceTree = "<group>"; };
		79175C9320A351D700CF192D /* UIView+WebCache.m */ = {isa = PBXFileReference; fileEncoding = 4; lastKnownFileType = sourcecode.c.objc; path = "UIView+WebCache.m"; sourceTree = "<group>"; };
		79175C9420A351D700CF192D /* UIView+WebCacheOperation.h */ = {isa = PBXFileReference; fileEncoding = 4; lastKnownFileType = sourcecode.c.h; path = "UIView+WebCacheOperation.h"; sourceTree = "<group>"; };
		79175C9520A351D700CF192D /* UIView+WebCacheOperation.m */ = {isa = PBXFileReference; fileEncoding = 4; lastKnownFileType = sourcecode.c.objc; path = "UIView+WebCacheOperation.m"; sourceTree = "<group>"; };
		797B3F0E1DDAF95B00204B47 /* KNBannerCollectionViewCell.h */ = {isa = PBXFileReference; fileEncoding = 4; lastKnownFileType = sourcecode.c.h; path = KNBannerCollectionViewCell.h; sourceTree = "<group>"; };
		797B3F0F1DDAF95B00204B47 /* KNBannerCollectionViewCell.m */ = {isa = PBXFileReference; fileEncoding = 4; lastKnownFileType = sourcecode.c.objc; path = KNBannerCollectionViewCell.m; sourceTree = "<group>"; };
		797B3F111DDAF95B00204B47 /* KNBannerPageControl.h */ = {isa = PBXFileReference; fileEncoding = 4; lastKnownFileType = sourcecode.c.h; path = KNBannerPageControl.h; sourceTree = "<group>"; };
		797B3F121DDAF95B00204B47 /* KNBannerPageControl.m */ = {isa = PBXFileReference; fileEncoding = 4; lastKnownFileType = sourcecode.c.objc; path = KNBannerPageControl.m; sourceTree = "<group>"; };
		797B3F131DDAF95B00204B47 /* KNCustomPageControl.h */ = {isa = PBXFileReference; fileEncoding = 4; lastKnownFileType = sourcecode.c.h; path = KNCustomPageControl.h; sourceTree = "<group>"; };
		797B3F141DDAF95B00204B47 /* KNCustomPageControl.m */ = {isa = PBXFileReference; fileEncoding = 4; lastKnownFileType = sourcecode.c.objc; path = KNCustomPageControl.m; sourceTree = "<group>"; };
		797B3F151DDAF95B00204B47 /* KNBannerView.h */ = {isa = PBXFileReference; fileEncoding = 4; lastKnownFileType = sourcecode.c.h; path = KNBannerView.h; sourceTree = "<group>"; };
		797B3F161DDAF95B00204B47 /* KNBannerView.m */ = {isa = PBXFileReference; fileEncoding = 4; lastKnownFileType = sourcecode.c.objc; path = KNBannerView.m; sourceTree = "<group>"; };
		797B3F171DDAF95B00204B47 /* KNBannerViewModel.h */ = {isa = PBXFileReference; fileEncoding = 4; lastKnownFileType = sourcecode.c.h; path = KNBannerViewModel.h; sourceTree = "<group>"; };
		797B3F181DDAF95B00204B47 /* KNBannerViewModel.m */ = {isa = PBXFileReference; fileEncoding = 4; lastKnownFileType = sourcecode.c.objc; path = KNBannerViewModel.m; sourceTree = "<group>"; };
		797B3F191DDAF95B00204B47 /* KNBannerViewSource.bundle */ = {isa = PBXFileReference; lastKnownFileType = "wrapper.plug-in"; path = KNBannerViewSource.bundle; sourceTree = "<group>"; };
		797B3F1A1DDAF95B00204B47 /* KNBannerViewText.h */ = {isa = PBXFileReference; fileEncoding = 4; lastKnownFileType = sourcecode.c.h; path = KNBannerViewText.h; sourceTree = "<group>"; };
		797B3F1B1DDAF95B00204B47 /* KNBannerViewText.m */ = {isa = PBXFileReference; fileEncoding = 4; lastKnownFileType = sourcecode.c.objc; path = KNBannerViewText.m; sourceTree = "<group>"; };
		797B3F1C1DDAF95B00204B47 /* UIView+KNExtension.h */ = {isa = PBXFileReference; fileEncoding = 4; lastKnownFileType = sourcecode.c.h; path = "UIView+KNExtension.h"; sourceTree = "<group>"; };
		797B3F1D1DDAF95B00204B47 /* UIView+KNExtension.m */ = {isa = PBXFileReference; fileEncoding = 4; lastKnownFileType = sourcecode.c.objc; path = "UIView+KNExtension.m"; sourceTree = "<group>"; };
		797B3F601DDAFA4500204B47 /* KNNetworkController.h */ = {isa = PBXFileReference; fileEncoding = 4; lastKnownFileType = sourcecode.c.h; path = KNNetworkController.h; sourceTree = "<group>"; };
		797B3F611DDAFA4500204B47 /* KNNetworkController.m */ = {isa = PBXFileReference; fileEncoding = 4; lastKnownFileType = sourcecode.c.objc; path = KNNetworkController.m; sourceTree = "<group>"; };
		797B3F631DDAFA5000204B47 /* KNLocationController.h */ = {isa = PBXFileReference; fileEncoding = 4; lastKnownFileType = sourcecode.c.h; path = KNLocationController.h; sourceTree = "<group>"; };
		797B3F641DDAFA5000204B47 /* KNLocationController.m */ = {isa = PBXFileReference; fileEncoding = 4; lastKnownFileType = sourcecode.c.objc; path = KNLocationController.m; sourceTree = "<group>"; };
		797B3F661DDAFA5900204B47 /* KNBlendController.h */ = {isa = PBXFileReference; fileEncoding = 4; lastKnownFileType = sourcecode.c.h; path = KNBlendController.h; sourceTree = "<group>"; };
		797B3F671DDAFA5900204B47 /* KNBlendController.m */ = {isa = PBXFileReference; fileEncoding = 4; lastKnownFileType = sourcecode.c.objc; path = KNBlendController.m; sourceTree = "<group>"; };
		797B3F691DDAFAF300204B47 /* KNRootController.h */ = {isa = PBXFileReference; fileEncoding = 4; lastKnownFileType = sourcecode.c.h; path = KNRootController.h; sourceTree = "<group>"; };
		797B3F6A1DDAFAF300204B47 /* KNRootController.m */ = {isa = PBXFileReference; fileEncoding = 4; lastKnownFileType = sourcecode.c.objc; path = KNRootController.m; sourceTree = "<group>"; };
		79FB5371202DA7D60083D6D2 /* KNWeekProxy.h */ = {isa = PBXFileReference; fileEncoding = 4; lastKnownFileType = sourcecode.c.h; path = KNWeekProxy.h; sourceTree = "<group>"; };
		79FB5372202DA7D60083D6D2 /* KNWeekProxy.m */ = {isa = PBXFileReference; fileEncoding = 4; lastKnownFileType = sourcecode.c.objc; path = KNWeekProxy.m; sourceTree = "<group>"; };
/* End PBXFileReference section */

/* Begin PBXFrameworksBuildPhase section */
		3CEB6D1F1BEC39650020765C /* Frameworks */ = {
			isa = PBXFrameworksBuildPhase;
			buildActionMask = 2147483647;
			files = (
			);
			runOnlyForDeploymentPostprocessing = 0;
		};
		3CEB6D381BEC39650020765C /* Frameworks */ = {
			isa = PBXFrameworksBuildPhase;
			buildActionMask = 2147483647;
			files = (
			);
			runOnlyForDeploymentPostprocessing = 0;
		};
/* End PBXFrameworksBuildPhase section */

/* Begin PBXGroup section */
		3CEB6D191BEC39650020765C = {
			isa = PBXGroup;
			children = (
				3CEB6D241BEC39650020765C /* KNBannerView */,
				3CEB6D3E1BEC39650020765C /* KNBannerViewTests */,
				3CEB6D231BEC39650020765C /* Products */,
			);
			sourceTree = "<group>";
		};
		3CEB6D231BEC39650020765C /* Products */ = {
			isa = PBXGroup;
			children = (
				3CEB6D221BEC39650020765C /* KNBannerView.app */,
				3CEB6D3B1BEC39650020765C /* KNBannerViewTests.xctest */,
			);
			name = Products;
			sourceTree = "<group>";
		};
		3CEB6D241BEC39650020765C /* KNBannerView */ = {
			isa = PBXGroup;
			children = (
				3CEB6D291BEC39650020765C /* AppDelegate.h */,
				3CEB6D2A1BEC39650020765C /* AppDelegate.m */,
				3CEB6D2C1BEC39650020765C /* ViewController.h */,
				3CEB6D2D1BEC39650020765C /* ViewController.m */,
				797B3F691DDAFAF300204B47 /* KNRootController.h */,
				797B3F6A1DDAFAF300204B47 /* KNRootController.m */,
				797B3F5F1DDAFA2A00204B47 /* NetWork */,
				797B3F5E1DDAFA2A00204B47 /* Location */,
				797B3F5D1DDAFA2A00204B47 /* Blend(混合) */,
				797B3F0D1DDAF95B00204B47 /* KNBannerView */,
				79175C6720A351D700CF192D /* SDWebImage */,
				3CEB6D2F1BEC39650020765C /* Main.storyboard */,
				3CEB6D321BEC39650020765C /* Images.xcassets */,
				3CEB6D341BEC39650020765C /* LaunchScreen.xib */,
				3CEB6D251BEC39650020765C /* Supporting Files */,
			);
			path = KNBannerView;
			sourceTree = "<group>";
		};
		3CEB6D251BEC39650020765C /* Supporting Files */ = {
			isa = PBXGroup;
			children = (
				3CEB6D261BEC39650020765C /* Info.plist */,
				3CEB6D271BEC39650020765C /* main.m */,
			);
			name = "Supporting Files";
			sourceTree = "<group>";
		};
		3CEB6D3E1BEC39650020765C /* KNBannerViewTests */ = {
			isa = PBXGroup;
			children = (
				3CEB6D411BEC39650020765C /* KNBannerViewTests.m */,
				3CEB6D3F1BEC39650020765C /* Supporting Files */,
			);
			path = KNBannerViewTests;
			sourceTree = "<group>";
		};
		3CEB6D3F1BEC39650020765C /* Supporting Files */ = {
			isa = PBXGroup;
			children = (
				3CEB6D401BEC39650020765C /* Info.plist */,
			);
			name = "Supporting Files";
			sourceTree = "<group>";
		};
		79175C6720A351D700CF192D /* SDWebImage */ = {
			isa = PBXGroup;
			children = (
				79175C6820A351D700CF192D /* FLAnimatedImage */,
				79175C6F20A351D700CF192D /* MKAnnotationView+WebCache.h */,
				79175C7020A351D700CF192D /* MKAnnotationView+WebCache.m */,
				79175C7120A351D700CF192D /* NSData+ImageContentType.h */,
				79175C7220A351D700CF192D /* NSData+ImageContentType.m */,
				79175C7320A351D700CF192D /* NSImage+WebCache.h */,
				79175C7420A351D700CF192D /* NSImage+WebCache.m */,
				79175C7520A351D700CF192D /* SDImageCache.h */,
				79175C7620A351D700CF192D /* SDImageCache.m */,
				79175C7720A351D700CF192D /* SDImageCacheConfig.h */,
				79175C7820A351D700CF192D /* SDImageCacheConfig.m */,
				79175C7920A351D700CF192D /* SDWebImageCompat.h */,
				79175C7A20A351D700CF192D /* SDWebImageCompat.m */,
				79175C7B20A351D700CF192D /* SDWebImageDecoder.h */,
				79175C7C20A351D700CF192D /* SDWebImageDecoder.m */,
				79175C7D20A351D700CF192D /* SDWebImageDownloader.h */,
				79175C7E20A351D700CF192D /* SDWebImageDownloader.m */,
				79175C7F20A351D700CF192D /* SDWebImageDownloaderOperation.h */,
				79175C8020A351D700CF192D /* SDWebImageDownloaderOperation.m */,
				79175C8120A351D700CF192D /* SDWebImageManager.h */,
				79175C8220A351D700CF192D /* SDWebImageManager.m */,
				79175C8320A351D700CF192D /* SDWebImageOperation.h */,
				79175C8420A351D700CF192D /* SDWebImagePrefetcher.h */,
				79175C8520A351D700CF192D /* SDWebImagePrefetcher.m */,
				79175C8620A351D700CF192D /* UIButton+WebCache.h */,
				79175C8720A351D700CF192D /* UIButton+WebCache.m */,
				79175C8820A351D700CF192D /* UIImage+GIF.h */,
				79175C8920A351D700CF192D /* UIImage+GIF.m */,
				79175C8A20A351D700CF192D /* UIImage+MultiFormat.h */,
				79175C8B20A351D700CF192D /* UIImage+MultiFormat.m */,
				79175C8C20A351D700CF192D /* UIImage+WebP.h */,
				79175C8D20A351D700CF192D /* UIImage+WebP.m */,
				79175C8E20A351D700CF192D /* UIImageView+HighlightedWebCache.h */,
				79175C8F20A351D700CF192D /* UIImageView+HighlightedWebCache.m */,
				79175C9020A351D700CF192D /* UIImageView+WebCache.h */,
				79175C9120A351D700CF192D /* UIImageView+WebCache.m */,
				79175C9220A351D700CF192D /* UIView+WebCache.h */,
				79175C9320A351D700CF192D /* UIView+WebCache.m */,
				79175C9420A351D700CF192D /* UIView+WebCacheOperation.h */,
				79175C9520A351D700CF192D /* UIView+WebCacheOperation.m */,
			);
			path = SDWebImage;
			sourceTree = "<group>";
		};
		79175C6820A351D700CF192D /* FLAnimatedImage */ = {
			isa = PBXGroup;
			children = (
				79175C6920A351D700CF192D /* FLAnimatedImage.h */,
				79175C6A20A351D700CF192D /* FLAnimatedImage.m */,
				79175C6B20A351D700CF192D /* FLAnimatedImageView+WebCache.h */,
				79175C6C20A351D700CF192D /* FLAnimatedImageView+WebCache.m */,
				79175C6D20A351D700CF192D /* FLAnimatedImageView.h */,
				79175C6E20A351D700CF192D /* FLAnimatedImageView.m */,
			);
			path = FLAnimatedImage;
			sourceTree = "<group>";
		};
		797B3F0D1DDAF95B00204B47 /* KNBannerView */ = {
			isa = PBXGroup;
			children = (
				79FB5371202DA7D60083D6D2 /* KNWeekProxy.h */,
				79FB5372202DA7D60083D6D2 /* KNWeekProxy.m */,
				797B3F151DDAF95B00204B47 /* KNBannerView.h */,
				797B3F161DDAF95B00204B47 /* KNBannerView.m */,
				797B3F0E1DDAF95B00204B47 /* KNBannerCollectionViewCell.h */,
				797B3F0F1DDAF95B00204B47 /* KNBannerCollectionViewCell.m */,
				797B3F171DDAF95B00204B47 /* KNBannerViewModel.h */,
				797B3F181DDAF95B00204B47 /* KNBannerViewModel.m */,
				797B3F1A1DDAF95B00204B47 /* KNBannerViewText.h */,
				797B3F1B1DDAF95B00204B47 /* KNBannerViewText.m */,
				797B3F1C1DDAF95B00204B47 /* UIView+KNExtension.h */,
				797B3F1D1DDAF95B00204B47 /* UIView+KNExtension.m */,
				797B3F101DDAF95B00204B47 /* KNBannerPageControl */,
				797B3F191DDAF95B00204B47 /* KNBannerViewSource.bundle */,
			);
			path = KNBannerView;
			sourceTree = "<group>";
		};
		797B3F101DDAF95B00204B47 /* KNBannerPageControl */ = {
			isa = PBXGroup;
			children = (
				797B3F111DDAF95B00204B47 /* KNBannerPageControl.h */,
				797B3F121DDAF95B00204B47 /* KNBannerPageControl.m */,
				797B3F131DDAF95B00204B47 /* KNCustomPageControl.h */,
				797B3F141DDAF95B00204B47 /* KNCustomPageControl.m */,
			);
			path = KNBannerPageControl;
			sourceTree = "<group>";
		};
		797B3F5D1DDAFA2A00204B47 /* Blend(混合) */ = {
			isa = PBXGroup;
			children = (
				797B3F661DDAFA5900204B47 /* KNBlendController.h */,
				797B3F671DDAFA5900204B47 /* KNBlendController.m */,
			);
			path = "Blend(混合)";
			sourceTree = "<group>";
		};
		797B3F5E1DDAFA2A00204B47 /* Location */ = {
			isa = PBXGroup;
			children = (
				797B3F631DDAFA5000204B47 /* KNLocationController.h */,
				797B3F641DDAFA5000204B47 /* KNLocationController.m */,
			);
			path = Location;
			sourceTree = "<group>";
		};
		797B3F5F1DDAFA2A00204B47 /* NetWork */ = {
			isa = PBXGroup;
			children = (
				797B3F601DDAFA4500204B47 /* KNNetworkController.h */,
				797B3F611DDAFA4500204B47 /* KNNetworkController.m */,
			);
			path = NetWork;
			sourceTree = "<group>";
		};
/* End PBXGroup section */

/* Begin PBXNativeTarget section */
		3CEB6D211BEC39650020765C /* KNBannerView */ = {
			isa = PBXNativeTarget;
			buildConfigurationList = 3CEB6D451BEC39650020765C /* Build configuration list for PBXNativeTarget "KNBannerView" */;
			buildPhases = (
				3CEB6D1E1BEC39650020765C /* Sources */,
				3CEB6D1F1BEC39650020765C /* Frameworks */,
				3CEB6D201BEC39650020765C /* Resources */,
			);
			buildRules = (
			);
			dependencies = (
			);
			name = KNBannerView;
			productName = KNBannerView;
			productReference = 3CEB6D221BEC39650020765C /* KNBannerView.app */;
			productType = "com.apple.product-type.application";
		};
		3CEB6D3A1BEC39650020765C /* KNBannerViewTests */ = {
			isa = PBXNativeTarget;
			buildConfigurationList = 3CEB6D481BEC39650020765C /* Build configuration list for PBXNativeTarget "KNBannerViewTests" */;
			buildPhases = (
				3CEB6D371BEC39650020765C /* Sources */,
				3CEB6D381BEC39650020765C /* Frameworks */,
				3CEB6D391BEC39650020765C /* Resources */,
			);
			buildRules = (
			);
			dependencies = (
				3CEB6D3D1BEC39650020765C /* PBXTargetDependency */,
			);
			name = KNBannerViewTests;
			productName = KNBannerViewTests;
			productReference = 3CEB6D3B1BEC39650020765C /* KNBannerViewTests.xctest */;
			productType = "com.apple.product-type.bundle.unit-test";
		};
/* End PBXNativeTarget section */

/* Begin PBXProject section */
		3CEB6D1A1BEC39650020765C /* Project object */ = {
			isa = PBXProject;
			attributes = {
				LastUpgradeCheck = 0640;
				ORGANIZATIONNAME = KNKane;
				TargetAttributes = {
					3CEB6D211BEC39650020765C = {
						CreatedOnToolsVersion = 6.4;
						DevelopmentTeam = 9RJ6UKU39R;
					};
					3CEB6D3A1BEC39650020765C = {
						CreatedOnToolsVersion = 6.4;
						TestTargetID = 3CEB6D211BEC39650020765C;
					};
				};
			};
			buildConfigurationList = 3CEB6D1D1BEC39650020765C /* Build configuration list for PBXProject "KNBannerView" */;
			compatibilityVersion = "Xcode 3.2";
			developmentRegion = English;
			hasScannedForEncodings = 0;
			knownRegions = (
				en,
				Base,
			);
			mainGroup = 3CEB6D191BEC39650020765C;
			productRefGroup = 3CEB6D231BEC39650020765C /* Products */;
			projectDirPath = "";
			projectRoot = "";
			targets = (
				3CEB6D211BEC39650020765C /* KNBannerView */,
				3CEB6D3A1BEC39650020765C /* KNBannerViewTests */,
			);
		};
/* End PBXProject section */

/* Begin PBXResourcesBuildPhase section */
		3CEB6D201BEC39650020765C /* Resources */ = {
			isa = PBXResourcesBuildPhase;
			buildActionMask = 2147483647;
			files = (
				797B3F231DDAF95B00204B47 /* KNBannerViewSource.bundle in Resources */,
				3CEB6D311BEC39650020765C /* Main.storyboard in Resources */,
				3CEB6D361BEC39650020765C /* LaunchScreen.xib in Resources */,
				3CEB6D331BEC39650020765C /* Images.xcassets in Resources */,
			);
			runOnlyForDeploymentPostprocessing = 0;
		};
		3CEB6D391BEC39650020765C /* Resources */ = {
			isa = PBXResourcesBuildPhase;
			buildActionMask = 2147483647;
			files = (
			);
			runOnlyForDeploymentPostprocessing = 0;
		};
/* End PBXResourcesBuildPhase section */

/* Begin PBXSourcesBuildPhase section */
		3CEB6D1E1BEC39650020765C /* Sources */ = {
			isa = PBXSourcesBuildPhase;
			buildActionMask = 2147483647;
			files = (
				79175CA820A351D700CF192D /* UIImageView+HighlightedWebCache.m in Sources */,
				3CEB6D2E1BEC39650020765C /* ViewController.m in Sources */,
				79175CA220A351D700CF192D /* SDWebImageManager.m in Sources */,
				79175C9E20A351D700CF192D /* SDWebImageCompat.m in Sources */,
				79175CA320A351D700CF192D /* SDWebImagePrefetcher.m in Sources */,
				797B3F251DDAF95B00204B47 /* UIView+KNExtension.m in Sources */,
				797B3F221DDAF95B00204B47 /* KNBannerViewModel.m in Sources */,
				797B3F1F1DDAF95B00204B47 /* KNBannerPageControl.m in Sources */,
				79175CA420A351D700CF192D /* UIButton+WebCache.m in Sources */,
				79175C9720A351D700CF192D /* FLAnimatedImageView+WebCache.m in Sources */,
				79175C9620A351D700CF192D /* FLAnimatedImage.m in Sources */,
				79175CA720A351D700CF192D /* UIImage+WebP.m in Sources */,
				797B3F651DDAFA5000204B47 /* KNLocationController.m in Sources */,
				79175C9C20A351D700CF192D /* SDImageCache.m in Sources */,
				79175CAA20A351D700CF192D /* UIView+WebCache.m in Sources */,
				797B3F621DDAFA4500204B47 /* KNNetworkController.m in Sources */,
				79175CA520A351D700CF192D /* UIImage+GIF.m in Sources */,
				79175C9B20A351D700CF192D /* NSImage+WebCache.m in Sources */,
				797B3F1E1DDAF95B00204B47 /* KNBannerCollectionViewCell.m in Sources */,
				79175CA620A351D700CF192D /* UIImage+MultiFormat.m in Sources */,
				79175C9F20A351D700CF192D /* SDWebImageDecoder.m in Sources */,
				79FB5373202DA7D60083D6D2 /* KNWeekProxy.m in Sources */,
				79175C9A20A351D700CF192D /* NSData+ImageContentType.m in Sources */,
				79175CA120A351D700CF192D /* SDWebImageDownloaderOperation.m in Sources */,
				797B3F6B1DDAFAF300204B47 /* KNRootController.m in Sources */,
				79175C9D20A351D700CF192D /* SDImageCacheConfig.m in Sources */,
				79175C9820A351D700CF192D /* FLAnimatedImageView.m in Sources */,
				797B3F241DDAF95B00204B47 /* KNBannerViewText.m in Sources */,
				3CEB6D2B1BEC39650020765C /* AppDelegate.m in Sources */,
				79175CA020A351D700CF192D /* SDWebImageDownloader.m in Sources */,
				797B3F211DDAF95B00204B47 /* KNBannerView.m in Sources */,
				79175C9920A351D700CF192D /* MKAnnotationView+WebCache.m in Sources */,
				797B3F681DDAFA5900204B47 /* KNBlendController.m in Sources */,
				79175CA920A351D700CF192D /* UIImageView+WebCache.m in Sources */,
				79175CAB20A351D700CF192D /* UIView+WebCacheOperation.m in Sources */,
				797B3F201DDAF95B00204B47 /* KNCustomPageControl.m in Sources */,
				3CEB6D281BEC39650020765C /* main.m in Sources */,
			);
			runOnlyForDeploymentPostprocessing = 0;
		};
		3CEB6D371BEC39650020765C /* Sources */ = {
			isa = PBXSourcesBuildPhase;
			buildActionMask = 2147483647;
			files = (
				3CEB6D421BEC39650020765C /* KNBannerViewTests.m in Sources */,
			);
			runOnlyForDeploymentPostprocessing = 0;
		};
/* End PBXSourcesBuildPhase section */

/* Begin PBXTargetDependency section */
		3CEB6D3D1BEC39650020765C /* PBXTargetDependency */ = {
			isa = PBXTargetDependency;
			target = 3CEB6D211BEC39650020765C /* KNBannerView */;
			targetProxy = 3CEB6D3C1BEC39650020765C /* PBXContainerItemProxy */;
		};
/* End PBXTargetDependency section */

/* Begin PBXVariantGroup section */
		3CEB6D2F1BEC39650020765C /* Main.storyboard */ = {
			isa = PBXVariantGroup;
			children = (
				3CEB6D301BEC39650020765C /* Base */,
			);
			name = Main.storyboard;
			sourceTree = "<group>";
		};
		3CEB6D341BEC39650020765C /* LaunchScreen.xib */ = {
			isa = PBXVariantGroup;
			children = (
				3CEB6D351BEC39650020765C /* Base */,
			);
			name = LaunchScreen.xib;
			sourceTree = "<group>";
		};
/* End PBXVariantGroup section */

/* Begin XCBuildConfiguration section */
		3CEB6D431BEC39650020765C /* Debug */ = {
			isa = XCBuildConfiguration;
			buildSettings = {
				ALWAYS_SEARCH_USER_PATHS = NO;
				CLANG_CXX_LANGUAGE_STANDARD = "gnu++0x";
				CLANG_CXX_LIBRARY = "libc++";
				CLANG_ENABLE_MODULES = YES;
				CLANG_ENABLE_OBJC_ARC = YES;
				CLANG_WARN_BOOL_CONVERSION = YES;
				CLANG_WARN_CONSTANT_CONVERSION = YES;
				CLANG_WARN_DIRECT_OBJC_ISA_USAGE = YES_ERROR;
				CLANG_WARN_EMPTY_BODY = YES;
				CLANG_WARN_ENUM_CONVERSION = YES;
				CLANG_WARN_INT_CONVERSION = YES;
				CLANG_WARN_OBJC_ROOT_CLASS = YES_ERROR;
				CLANG_WARN_UNREACHABLE_CODE = YES;
				CLANG_WARN__DUPLICATE_METHOD_MATCH = YES;
				"CODE_SIGN_IDENTITY[sdk=iphoneos*]" = "iPhone Developer";
				COPY_PHASE_STRIP = NO;
				DEBUG_INFORMATION_FORMAT = "dwarf-with-dsym";
				ENABLE_STRICT_OBJC_MSGSEND = YES;
				GCC_C_LANGUAGE_STANDARD = gnu99;
				GCC_DYNAMIC_NO_PIC = NO;
				GCC_NO_COMMON_BLOCKS = YES;
				GCC_OPTIMIZATION_LEVEL = 0;
				GCC_PREPROCESSOR_DEFINITIONS = (
					"DEBUG=1",
					"$(inherited)",
				);
				GCC_SYMBOLS_PRIVATE_EXTERN = NO;
				GCC_WARN_64_TO_32_BIT_CONVERSION = YES;
				GCC_WARN_ABOUT_RETURN_TYPE = YES_ERROR;
				GCC_WARN_UNDECLARED_SELECTOR = YES;
				GCC_WARN_UNINITIALIZED_AUTOS = YES_AGGRESSIVE;
				GCC_WARN_UNUSED_FUNCTION = YES;
				GCC_WARN_UNUSED_VARIABLE = YES;
				IPHONEOS_DEPLOYMENT_TARGET = 8.4;
				MTL_ENABLE_DEBUG_INFO = YES;
				ONLY_ACTIVE_ARCH = YES;
				SDKROOT = iphoneos;
				TARGETED_DEVICE_FAMILY = "1,2";
			};
			name = Debug;
		};
		3CEB6D441BEC39650020765C /* Release */ = {
			isa = XCBuildConfiguration;
			buildSettings = {
				ALWAYS_SEARCH_USER_PATHS = NO;
				CLANG_CXX_LANGUAGE_STANDARD = "gnu++0x";
				CLANG_CXX_LIBRARY = "libc++";
				CLANG_ENABLE_MODULES = YES;
				CLANG_ENABLE_OBJC_ARC = YES;
				CLANG_WARN_BOOL_CONVERSION = YES;
				CLANG_WARN_CONSTANT_CONVERSION = YES;
				CLANG_WARN_DIRECT_OBJC_ISA_USAGE = YES_ERROR;
				CLANG_WARN_EMPTY_BODY = YES;
				CLANG_WARN_ENUM_CONVERSION = YES;
				CLANG_WARN_INT_CONVERSION = YES;
				CLANG_WARN_OBJC_ROOT_CLASS = YES_ERROR;
				CLANG_WARN_UNREACHABLE_CODE = YES;
				CLANG_WARN__DUPLICATE_METHOD_MATCH = YES;
				"CODE_SIGN_IDENTITY[sdk=iphoneos*]" = "iPhone Developer";
				COPY_PHASE_STRIP = NO;
				DEBUG_INFORMATION_FORMAT = "dwarf-with-dsym";
				ENABLE_NS_ASSERTIONS = NO;
				ENABLE_STRICT_OBJC_MSGSEND = YES;
				GCC_C_LANGUAGE_STANDARD = gnu99;
				GCC_NO_COMMON_BLOCKS = YES;
				GCC_WARN_64_TO_32_BIT_CONVERSION = YES;
				GCC_WARN_ABOUT_RETURN_TYPE = YES_ERROR;
				GCC_WARN_UNDECLARED_SELECTOR = YES;
				GCC_WARN_UNINITIALIZED_AUTOS = YES_AGGRESSIVE;
				GCC_WARN_UNUSED_FUNCTION = YES;
				GCC_WARN_UNUSED_VARIABLE = YES;
				IPHONEOS_DEPLOYMENT_TARGET = 8.4;
				MTL_ENABLE_DEBUG_INFO = NO;
				SDKROOT = iphoneos;
				TARGETED_DEVICE_FAMILY = "1,2";
				VALIDATE_PRODUCT = YES;
			};
			name = Release;
		};
		3CEB6D461BEC39650020765C /* Debug */ = {
			isa = XCBuildConfiguration;
			buildSettings = {
				ASSETCATALOG_COMPILER_APPICON_NAME = AppIcon;
				DEVELOPMENT_TEAM = 9RJ6UKU39R;
				INFOPLIST_FILE = KNBannerView/Info.plist;
				IPHONEOS_DEPLOYMENT_TARGET = 8.0;
				LD_RUNPATH_SEARCH_PATHS = "$(inherited) @executable_path/Frameworks";
				PRODUCT_BUNDLE_IDENTIFIER = com.vi163.KNBannerView;
				PRODUCT_NAME = "$(TARGET_NAME)";
				TARGETED_DEVICE_FAMILY = 1;
			};
			name = Debug;
		};
		3CEB6D471BEC39650020765C /* Release */ = {
			isa = XCBuildConfiguration;
			buildSettings = {
				ASSETCATALOG_COMPILER_APPICON_NAME = AppIcon;
				DEVELOPMENT_TEAM = 9RJ6UKU39R;
				INFOPLIST_FILE = KNBannerView/Info.plist;
				IPHONEOS_DEPLOYMENT_TARGET = 8.0;
				LD_RUNPATH_SEARCH_PATHS = "$(inherited) @executable_path/Frameworks";
				PRODUCT_BUNDLE_IDENTIFIER = com.vi163.KNBannerView;
				PRODUCT_NAME = "$(TARGET_NAME)";
				TARGETED_DEVICE_FAMILY = 1;
			};
			name = Release;
		};
		3CEB6D491BEC39650020765C /* Debug */ = {
			isa = XCBuildConfiguration;
			buildSettings = {
				BUNDLE_LOADER = "$(TEST_HOST)";
				FRAMEWORK_SEARCH_PATHS = (
					"$(SDKROOT)/Developer/Library/Frameworks",
					"$(inherited)",
				);
				GCC_PREPROCESSOR_DEFINITIONS = (
					"DEBUG=1",
					"$(inherited)",
				);
				INFOPLIST_FILE = KNBannerViewTests/Info.plist;
				LD_RUNPATH_SEARCH_PATHS = "$(inherited) @executable_path/Frameworks @loader_path/Frameworks";
				PRODUCT_NAME = "$(TARGET_NAME)";
				TEST_HOST = "$(BUILT_PRODUCTS_DIR)/KNBannerView.app/KNBannerView";
			};
			name = Debug;
		};
		3CEB6D4A1BEC39650020765C /* Release */ = {
			isa = XCBuildConfiguration;
			buildSettings = {
				BUNDLE_LOADER = "$(TEST_HOST)";
				FRAMEWORK_SEARCH_PATHS = (
					"$(SDKROOT)/Developer/Library/Frameworks",
					"$(inherited)",
				);
				INFOPLIST_FILE = KNBannerViewTests/Info.plist;
				LD_RUNPATH_SEARCH_PATHS = "$(inherited) @executable_path/Frameworks @loader_path/Frameworks";
				PRODUCT_NAME = "$(TARGET_NAME)";
				TEST_HOST = "$(BUILT_PRODUCTS_DIR)/KNBannerView.app/KNBannerView";
			};
			name = Release;
		};
/* End XCBuildConfiguration section */

/* Begin XCConfigurationList section */
		3CEB6D1D1BEC39650020765C /* Build configuration list for PBXProject "KNBannerView" */ = {
			isa = XCConfigurationList;
			buildConfigurations = (
				3CEB6D431BEC39650020765C /* Debug */,
				3CEB6D441BEC39650020765C /* Release */,
			);
			defaultConfigurationIsVisible = 0;
			defaultConfigurationName = Release;
		};
		3CEB6D451BEC39650020765C /* Build configuration list for PBXNativeTarget "KNBannerView" */ = {
			isa = XCConfigurationList;
			buildConfigurations = (
				3CEB6D461BEC39650020765C /* Debug */,
				3CEB6D471BEC39650020765C /* Release */,
			);
			defaultConfigurationIsVisible = 0;
			defaultConfigurationName = Release;
		};
		3CEB6D481BEC39650020765C /* Build configuration list for PBXNativeTarget "KNBannerViewTests" */ = {
			isa = XCConfigurationList;
			buildConfigurations = (
				3CEB6D491BEC39650020765C /* Debug */,
				3CEB6D4A1BEC39650020765C /* Release */,
			);
			defaultConfigurationIsVisible = 0;
			defaultConfigurationName = Release;
		};
/* End XCConfigurationList section */
	};
	rootObject = 3CEB6D1A1BEC39650020765C /* Project object */;
}
